
Microsoft Visual Studio Solution File, Format Version 12.00
# Visual Studio Version 17
VisualStudioVersion = 17.1.32414.318
MinimumVisualStudioVersion = 10.0.40219.1
Project("{9A19103F-16F7-4668-BE54-9A1E7A4F7556}") = "FightCore.Api", "FightCore.Api\FightCore.Api.csproj", "{3232AA76-099E-46C3-BC10-E7B920021F36}"
EndProject
Project("{2150E333-8FDC-42A3-9474-1A3956D46DE8}") = "2 Data", "2 Data", "{A77ED78E-6888-4E1A-8568-81025B346908}"
EndProject
Project("{9A19103F-16F7-4668-BE54-9A1E7A4F7556}") = "FightCore.Data", "FightCore.Data\FightCore.Data.csproj", "{A6FE40B6-7DBF-44E7-AAB0-308C3129CBCC}"
EndProject
Project("{2150E333-8FDC-42A3-9474-1A3956D46DE8}") = "1 Model", "1 Model", "{67033A68-467B-4841-807D-F566D897CEE8}"
EndProject
Project("{9A19103F-16F7-4668-BE54-9A1E7A4F7556}") = "FightCore.Models", "FightCore.Models\FightCore.Models.csproj", "{B4B7710C-364F-4D25-ABF9-F6E5DB650EDB}"
EndProject
Project("{2150E333-8FDC-42A3-9474-1A3956D46DE8}") = "3 Repository", "3 Repository", "{1B700528-1E8F-4492-8193-E28E1E5F88B5}"
EndProject
Project("{2150E333-8FDC-42A3-9474-1A3956D46DE8}") = "4 Service", "4 Service", "{6A0A0240-80C1-49B9-BEAD-22BB66844D9C}"
EndProject
Project("{2150E333-8FDC-42A3-9474-1A3956D46DE8}") = "5 Application", "5 Application", "{DE0BEBC8-CE3C-4AD1-94F9-C42F17BC2688}"
EndProject
Project("{2150E333-8FDC-42A3-9474-1A3956D46DE8}") = "6 Configuration", "6 Configuration", "{E5E711A1-D78F-413E-B8D2-373DECC7C80B}"
EndProject
Project("{2150E333-8FDC-42A3-9474-1A3956D46DE8}") = "7 Test", "7 Test", "{E9E94790-DA94-40B3-B1BA-695FDA457FA6}"
EndProject
Project("{9A19103F-16F7-4668-BE54-9A1E7A4F7556}") = "FightCore.Services", "FightCore.Services\FightCore.Services.csproj", "{2E8E83C1-F463-4DC6-BB5C-6D125D96E9CB}"
EndProject
Project("{9A19103F-16F7-4668-BE54-9A1E7A4F7556}") = "FightCore.Repositories", "FightCore.Repositories\FightCore.Repositories.csproj", "{B44C6FA4-2B27-4C6D-9569-8B7C7D85284C}"
EndProject
Project("{9A19103F-16F7-4668-BE54-9A1E7A4F7556}") = "FightCore.Exporters", "FightCore.Exporters\FightCore.Exporters.csproj", "{AF729D55-243E-4715-B6D6-96673B6C0432}"
EndProject
Project("{2150E333-8FDC-42A3-9474-1A3956D46DE8}") = "8 External", "8 External", "{E826F2BE-E2F2-4AF3-BC0D-F070E0719588}"
EndProject
Project("{9A19103F-16F7-4668-BE54-9A1E7A4F7556}") = "FightCore.External.MeleeDatabase", "FightCore.External.MeleeDatabase\FightCore.External.MeleeDatabase.csproj", "{987322DB-A53C-4986-ACE7-4599E51CC160}"
EndProject
Project("{FAE04EC0-301F-11D3-BF4B-00C04F79EFBC}") = "FightCore.Enricher", "FightCore.Enricher\FightCore.Enricher.csproj", "{D08E7AD2-C650-4053-866D-612CE38C323C}"
EndProject
Global
	GlobalSection(SolutionConfigurationPlatforms) = preSolution
		Debug|Any CPU = Debug|Any CPU
		Release|Any CPU = Release|Any CPU
	EndGlobalSection
	GlobalSection(ProjectConfigurationPlatforms) = postSolution
		{3232AA76-099E-46C3-BC10-E7B920021F36}.Debug|Any CPU.ActiveCfg = Debug|Any CPU
		{3232AA76-099E-46C3-BC10-E7B920021F36}.Debug|Any CPU.Build.0 = Debug|Any CPU
		{3232AA76-099E-46C3-BC10-E7B920021F36}.Release|Any CPU.ActiveCfg = Release|Any CPU
		{3232AA76-099E-46C3-BC10-E7B920021F36}.Release|Any CPU.Build.0 = Release|Any CPU
		{A6FE40B6-7DBF-44E7-AAB0-308C3129CBCC}.Debug|Any CPU.ActiveCfg = Debug|Any CPU
		{A6FE40B6-7DBF-44E7-AAB0-308C3129CBCC}.Debug|Any CPU.Build.0 = Debug|Any CPU
		{A6FE40B6-7DBF-44E7-AAB0-308C3129CBCC}.Release|Any CPU.ActiveCfg = Release|Any CPU
		{A6FE40B6-7DBF-44E7-AAB0-308C3129CBCC}.Release|Any CPU.Build.0 = Release|Any CPU
		{B4B7710C-364F-4D25-ABF9-F6E5DB650EDB}.Debug|Any CPU.ActiveCfg = Debug|Any CPU
		{B4B7710C-364F-4D25-ABF9-F6E5DB650EDB}.Debug|Any CPU.Build.0 = Debug|Any CPU
		{B4B7710C-364F-4D25-ABF9-F6E5DB650EDB}.Release|Any CPU.ActiveCfg = Release|Any CPU
		{B4B7710C-364F-4D25-ABF9-F6E5DB650EDB}.Release|Any CPU.Build.0 = Release|Any CPU
		{2E8E83C1-F463-4DC6-BB5C-6D125D96E9CB}.Debug|Any CPU.ActiveCfg = Debug|Any CPU
		{2E8E83C1-F463-4DC6-BB5C-6D125D96E9CB}.Debug|Any CPU.Build.0 = Debug|Any CPU
		{2E8E83C1-F463-4DC6-BB5C-6D125D96E9CB}.Release|Any CPU.ActiveCfg = Release|Any CPU
		{2E8E83C1-F463-4DC6-BB5C-6D125D96E9CB}.Release|Any CPU.Build.0 = Release|Any CPU
		{B44C6FA4-2B27-4C6D-9569-8B7C7D85284C}.Debug|Any CPU.ActiveCfg = Debug|Any CPU
		{B44C6FA4-2B27-4C6D-9569-8B7C7D85284C}.Debug|Any CPU.Build.0 = Debug|Any CPU
		{B44C6FA4-2B27-4C6D-9569-8B7C7D85284C}.Release|Any CPU.ActiveCfg = Release|Any CPU
		{B44C6FA4-2B27-4C6D-9569-8B7C7D85284C}.Release|Any CPU.Build.0 = Release|Any CPU
		{AF729D55-243E-4715-B6D6-96673B6C0432}.Debug|Any CPU.ActiveCfg = Debug|Any CPU
		{AF729D55-243E-4715-B6D6-96673B6C0432}.Debug|Any CPU.Build.0 = Debug|Any CPU
		{AF729D55-243E-4715-B6D6-96673B6C0432}.Release|Any CPU.ActiveCfg = Release|Any CPU
		{AF729D55-243E-4715-B6D6-96673B6C0432}.Release|Any CPU.Build.0 = Release|Any CPU
		{987322DB-A53C-4986-ACE7-4599E51CC160}.Debug|Any CPU.ActiveCfg = Debug|Any CPU
		{987322DB-A53C-4986-ACE7-4599E51CC160}.Debug|Any CPU.Build.0 = Debug|Any CPU
		{987322DB-A53C-4986-ACE7-4599E51CC160}.Release|Any CPU.ActiveCfg = Release|Any CPU
		{987322DB-A53C-4986-ACE7-4599E51CC160}.Release|Any CPU.Build.0 = Release|Any CPU
		{D08E7AD2-C650-4053-866D-612CE38C323C}.Debug|Any CPU.ActiveCfg = Debug|Any CPU
		{D08E7AD2-C650-4053-866D-612CE38C323C}.Debug|Any CPU.Build.0 = Debug|Any CPU
		{D08E7AD2-C650-4053-866D-612CE38C323C}.Release|Any CPU.ActiveCfg = Release|Any CPU
		{D08E7AD2-C650-4053-866D-612CE38C323C}.Release|Any CPU.Build.0 = Release|Any CPU
	EndGlobalSection
	GlobalSection(SolutionProperties) = preSolution
		HideSolutionNode = FALSE
	EndGlobalSection
	GlobalSection(NestedProjects) = preSolution
		{3232AA76-099E-46C3-BC10-E7B920021F36} = {DE0BEBC8-CE3C-4AD1-94F9-C42F17BC2688}
		{A6FE40B6-7DBF-44E7-AAB0-308C3129CBCC} = {A77ED78E-6888-4E1A-8568-81025B346908}
		{B4B7710C-364F-4D25-ABF9-F6E5DB650EDB} = {67033A68-467B-4841-807D-F566D897CEE8}
		{2E8E83C1-F463-4DC6-BB5C-6D125D96E9CB} = {6A0A0240-80C1-49B9-BEAD-22BB66844D9C}
		{B44C6FA4-2B27-4C6D-9569-8B7C7D85284C} = {1B700528-1E8F-4492-8193-E28E1E5F88B5}
		{AF729D55-243E-4715-B6D6-96673B6C0432} = {DE0BEBC8-CE3C-4AD1-94F9-C42F17BC2688}
		{987322DB-A53C-4986-ACE7-4599E51CC160} = {E826F2BE-E2F2-4AF3-BC0D-F070E0719588}
		{D08E7AD2-C650-4053-866D-612CE38C323C} = {DE0BEBC8-CE3C-4AD1-94F9-C42F17BC2688}
	EndGlobalSection
	GlobalSection(ExtensibilityGlobals) = postSolution
		SolutionGuid = {8C766FB9-5F38-458C-B0E2-225D2173CB93}
	EndGlobalSection
EndGlobal
